
Microsoft Visual Studio Solution File, Format Version 12.00
# Visual Studio 15
VisualStudioVersion = 15.0.28307.852
MinimumVisualStudioVersion = 10.0.40219.1
Project("{FAE04EC0-301F-11D3-BF4B-00C04F79EFBC}") = "KiemTraSQL", "KiemTraSQL\KiemTraSQL.csproj", "{021D2D82-D013-41DB-BFAB-B80CAE8E26C8}"
EndProject
Global
	GlobalSection(SolutionConfigurationPlatforms) = preSolution
		Debug|Any CPU = Debug|Any CPU
		Release|Any CPU = Release|Any CPU
	EndGlobalSection
	GlobalSection(ProjectConfigurationPlatforms) = postSolution
		{021D2D82-D013-41DB-BFAB-B80CAE8E26C8}.Debug|Any CPU.ActiveCfg = Debug|Any CPU
		{021D2D82-D013-41DB-BFAB-B80CAE8E26C8}.Debug|Any CPU.Build.0 = Debug|Any CPU
		{021D2D82-D013-41DB-BFAB-B80CAE8E26C8}.Release|Any CPU.ActiveCfg = Release|Any CPU
		{021D2D82-D013-41DB-BFAB-B80CAE8E26C8}.Release|Any CPU.Build.0 = Release|Any CPU
	EndGlobalSection
	GlobalSection(SolutionProperties) = preSolution
		HideSolutionNode = FALSE
	EndGlobalSection
	GlobalSection(ExtensibilityGlobals) = postSolution
		SolutionGuid = {94AA3A38-4F3B-43CB-B116-6A39CD12C78B}
	EndGlobalSection
EndGlobal
